# This is a Gradle generated file for dependency locking.
# Manual edits can break the build and are not advised.
# This file is expected to be part of source control.
# To regenerate this file, run: ./gradlew :neoforge:26.1.1:dependencies --write-locks
org.sejda.imageio:webp-imageio:0.1.6=shadowBundle
empty=
